{
  "name": "atc",
  "lockfileVersion": 2,
  "requires": true,
  "packages": {
    "": {
      "dependencies": {
        "leaflet": "^1.8.0",
        "leaflet-defaulticon-compatibility": "^0.1.1",
        "react-leaflet": "^4.0.0"
      }
    },
    "node_modules/@react-leaflet/core": {
      "version": "2.0.0",
      "resolved": "https://registry.npmjs.org/@react-leaflet/core/-/core-2.0.0.tgz",
      "integrity": "sha512-SQQ5DCQIaLzvslN6wCXs5OWqtlvk1Ubv2n5d7zTM8SDl9hM5Rr2wVy7/nOCIY958D75/ovhq6ZoSvT7GLCX6sg==",
      "peerDependencies": {
        "leaflet": "^1.8.0",
        "react": "^18.0.0",
        "react-dom": "^18.0.0"
      }
    },
    "node_modules/js-tokens": {
      "version": "4.0.0",
      "resolved": "https://registry.npmjs.org/js-tokens/-/js-tokens-4.0.0.tgz",
      "integrity": "sha512-RdJUflcE3cUzKiMqQgsCu06FPu9UdIJO0beYbPhHN4k6apgJtifcoCtT9bcxOpYBtpD2kCM6Sbzg4CausW/PKQ==",
      "peer": true
    },
    "node_modules/leaflet": {
      "version": "1.8.0",
      "resolved": "https://registry.npmjs.org/leaflet/-/leaflet-1.8.0.tgz",
      "integrity": "sha512-gwhMjFCQiYs3x/Sf+d49f10ERXaEFCPr+nVTryhAW8DWbMGqJqt9G4XuIaHmFW08zYvhgdzqXGr8AlW8v8dQkA=="
    },
    "node_modules/leaflet-defaulticon-compatibility": {
      "version": "0.1.1",
      "resolved": "https://registry.npmjs.org/leaflet-defaulticon-compatibility/-/leaflet-defaulticon-compatibility-0.1.1.tgz",
      "integrity": "sha512-vDBFdlUAwjSEGep9ih8kfJilf6yN8V9zTbF5NC/1ZwLeGko3RUQepspPnGCRMFV51dY3Lb3hziboicrFz+rxQA=="
    },
    "node_modules/loose-envify": {
      "version": "1.4.0",
      "resolved": "https://registry.npmjs.org/loose-envify/-/loose-envify-1.4.0.tgz",
      "integrity": "sha512-lyuxPGr/Wfhrlem2CL/UcnUc1zcqKAImBDzukY7Y5F/yQiNdko6+fRLevlw1HgMySw7f611UIY408EtxRSoK3Q==",
      "peer": true,
      "dependencies": {
        "js-tokens": "^3.0.0 || ^4.0.0"
      },
      "bin": {
        "loose-envify": "cli.js"
      }
    },
    "node_modules/react": {
      "version": "18.0.0",
      "resolved": "https://registry.npmjs.org/react/-/react-18.0.0.tgz",
      "integrity": "sha512-x+VL6wbT4JRVPm7EGxXhZ8w8LTROaxPXOqhlGyVSrv0sB1jkyFGgXxJ8LVoPRLvPR6/CIZGFmfzqUa2NYeMr2A==",
      "peer": true,
      "dependencies": {
        "loose-envify": "^1.1.0"
      },
      "engines": {
        "node": ">=0.10.0"
      }
    },
    "node_modules/react-dom": {
      "version": "18.0.0",
      "resolved": "https://registry.npmjs.org/react-dom/-/react-dom-18.0.0.tgz",
      "integrity": "sha512-XqX7uzmFo0pUceWFCt7Gff6IyIMzFUn7QMZrbrQfGxtaxXZIcGQzoNpRLE3fQLnS4XzLLPMZX2T9TRcSrasicw==",
      "peer": true,
      "dependencies": {
        "loose-envify": "^1.1.0",
        "scheduler": "^0.21.0"
      },
      "peerDependencies": {
        "react": "^18.0.0"
      }
    },
    "node_modules/react-leaflet": {
      "version": "4.0.0",
      "resolved": "https://registry.npmjs.org/react-leaflet/-/react-leaflet-4.0.0.tgz",
      "integrity": "sha512-qJJvoCNe12XHSWVUwhXYmMObPoSYy8h/hn0aDNvcBuq3O8zmVI5S2RdabhaDg/iWMCJ2jbCWZWtIU5VtztO9sg==",
      "dependencies": {
        "@react-leaflet/core": "^2.0.0"
      },
      "peerDependencies": {
        "leaflet": "^1.8.0",
        "react": "^18.0.0",
        "react-dom": "^18.0.0"
      }
    },
    "node_modules/scheduler": {
      "version": "0.21.0",
      "resolved": "https://registry.npmjs.org/scheduler/-/scheduler-0.21.0.tgz",
      "integrity": "sha512-1r87x5fz9MXqswA2ERLo0EbOAU74DpIUO090gIasYTqlVoJeMcl+Z1Rg7WHz+qtPujhS/hGIt9kxZOYBV3faRQ==",
      "peer": true,
      "dependencies": {
        "loose-envify": "^1.1.0"
      }
    }
  },
  "dependencies": {
    "@react-leaflet/core": {
      "version": "2.0.0",
      "resolved": "https://registry.npmjs.org/@react-leaflet/core/-/core-2.0.0.tgz",
      "integrity": "sha512-SQQ5DCQIaLzvslN6wCXs5OWqtlvk1Ubv2n5d7zTM8SDl9hM5Rr2wVy7/nOCIY958D75/ovhq6ZoSvT7GLCX6sg==",
      "requires": {}
    },
    "js-tokens": {
      "version": "4.0.0",
      "resolved": "https://registry.npmjs.org/js-tokens/-/js-tokens-4.0.0.tgz",
      "integrity": "sha512-RdJUflcE3cUzKiMqQgsCu06FPu9UdIJO0beYbPhHN4k6apgJtifcoCtT9bcxOpYBtpD2kCM6Sbzg4CausW/PKQ==",
      "peer": true
    },
    "leaflet": {
      "version": "1.8.0",
      "resolved": "https://registry.npmjs.org/leaflet/-/leaflet-1.8.0.tgz",
      "integrity": "sha512-gwhMjFCQiYs3x/Sf+d49f10ERXaEFCPr+nVTryhAW8DWbMGqJqt9G4XuIaHmFW08zYvhgdzqXGr8AlW8v8dQkA=="
    },
    "leaflet-defaulticon-compatibility": {
      "version": "0.1.1",
      "resolved": "https://registry.npmjs.org/leaflet-defaulticon-compatibility/-/leaflet-defaulticon-compatibility-0.1.1.tgz",
      "integrity": "sha512-vDBFdlUAwjSEGep9ih8kfJilf6yN8V9zTbF5NC/1ZwLeGko3RUQepspPnGCRMFV51dY3Lb3hziboicrFz+rxQA=="
    },
    "loose-envify": {
      "version": "1.4.0",
      "resolved": "https://registry.npmjs.org/loose-envify/-/loose-envify-1.4.0.tgz",
      "integrity": "sha512-lyuxPGr/Wfhrlem2CL/UcnUc1zcqKAImBDzukY7Y5F/yQiNdko6+fRLevlw1HgMySw7f611UIY408EtxRSoK3Q==",
      "peer": true,
      "requires": {
        "js-tokens": "^3.0.0 || ^4.0.0"
      }
    },
    "react": {
      "version": "18.0.0",
      "resolved": "https://registry.npmjs.org/react/-/react-18.0.0.tgz",
      "integrity": "sha512-x+VL6wbT4JRVPm7EGxXhZ8w8LTROaxPXOqhlGyVSrv0sB1jkyFGgXxJ8LVoPRLvPR6/CIZGFmfzqUa2NYeMr2A==",
      "peer": true,
      "requires": {
        "loose-envify": "^1.1.0"
      }
    },
    "react-dom": {
      "version": "18.0.0",
      "resolved": "https://registry.npmjs.org/react-dom/-/react-dom-18.0.0.tgz",
      "integrity": "sha512-XqX7uzmFo0pUceWFCt7Gff6IyIMzFUn7QMZrbrQfGxtaxXZIcGQzoNpRLE3fQLnS4XzLLPMZX2T9TRcSrasicw==",
      "peer": true,
      "requires": {
        "loose-envify": "^1.1.0",
        "scheduler": "^0.21.0"
      }
    },
    "react-leaflet": {
      "version": "4.0.0",
      "resolved": "https://registry.npmjs.org/react-leaflet/-/react-leaflet-4.0.0.tgz",
      "integrity": "sha512-qJJvoCNe12XHSWVUwhXYmMObPoSYy8h/hn0aDNvcBuq3O8zmVI5S2RdabhaDg/iWMCJ2jbCWZWtIU5VtztO9sg==",
      "requires": {
        "@react-leaflet/core": "^2.0.0"
      }
    },
    "scheduler": {
      "version": "0.21.0",
      "resolved": "https://registry.npmjs.org/scheduler/-/scheduler-0.21.0.tgz",
      "integrity": "sha512-1r87x5fz9MXqswA2ERLo0EbOAU74DpIUO090gIasYTqlVoJeMcl+Z1Rg7WHz+qtPujhS/hGIt9kxZOYBV3faRQ==",
      "peer": true,
      "requires": {
        "loose-envify": "^1.1.0"
      }
    }
  }
}
